
Microsoft Visual Studio Solution File, Format Version 12.00
# Visual Studio Version 17
VisualStudioVersion = 17.6.33815.320
MinimumVisualStudioVersion = 10.0.40219.1
Project("{FAE04EC0-301F-11D3-BF4B-00C04F79EFBC}") = "Biblioteca", "Biblioteca\Biblioteca.csproj", "{1CF4CBA8-FE87-4334-A056-62B112498F54}"
EndProject
Global
	GlobalSection(SolutionConfigurationPlatforms) = preSolution
		Debug|Any CPU = Debug|Any CPU
		Release|Any CPU = Release|Any CPU
	EndGlobalSection
	GlobalSection(ProjectConfigurationPlatforms) = postSolution
		{1CF4CBA8-FE87-4334-A056-62B112498F54}.Debug|Any CPU.ActiveCfg = Debug|Any CPU
		{1CF4CBA8-FE87-4334-A056-62B112498F54}.Debug|Any CPU.Build.0 = Debug|Any CPU
		{1CF4CBA8-FE87-4334-A056-62B112498F54}.Release|Any CPU.ActiveCfg = Release|Any CPU
		{1CF4CBA8-FE87-4334-A056-62B112498F54}.Release|Any CPU.Build.0 = Release|Any CPU
	EndGlobalSection
	GlobalSection(SolutionProperties) = preSolution
		HideSolutionNode = FALSE
	EndGlobalSection
	GlobalSection(ExtensibilityGlobals) = postSolution
		SolutionGuid = {C4A548F4-F700-45E9-9A01-01067634790D}
	EndGlobalSection
EndGlobal
